{
  "object": {
    "pins": [
      {
        "package": "SnapKit",
        "repositoryURL": "https://github.com/SnapKit/SnapKit.git",
        "state": {
          "branch": null,
          "revision": "d458564516e5676af9c70b4f4b2a9178294f1bc6",
          "version": "5.0.1"
        }
      },
      {
        "package": "SwiftHEXColors",
        "repositoryURL": "https://github.com/thii/SwiftHEXColors.git",
        "state": {
          "branch": null,
          "revision": "1f886cb20fedda14a5ac75efd09bc99c95b43a18",
          "version": "1.4.1"
        }
      }
    ]
  },
  "version": 1
}
